
Microsoft Visual Studio Solution File, Format Version 12.00
# Visual Studio Version 16
VisualStudioVersion = 16.0.32630.194
MinimumVisualStudioVersion = 10.0.40219.1
Project("{9A19103F-16F7-4668-BE54-9A1E7A4F7556}") = "Nueva Veterinaria", "Nueva Veterinaria\Nueva Veterinaria.csproj", "{D0BB44B1-A086-4093-8545-F6EC4469F5FF}"
EndProject
Global
	GlobalSection(SolutionConfigurationPlatforms) = preSolution
		Debug|Any CPU = Debug|Any CPU
		Release|Any CPU = Release|Any CPU
	EndGlobalSection
	GlobalSection(ProjectConfigurationPlatforms) = postSolution
		{D0BB44B1-A086-4093-8545-F6EC4469F5FF}.Debug|Any CPU.ActiveCfg = Debug|Any CPU
		{D0BB44B1-A086-4093-8545-F6EC4469F5FF}.Debug|Any CPU.Build.0 = Debug|Any CPU
		{D0BB44B1-A086-4093-8545-F6EC4469F5FF}.Release|Any CPU.ActiveCfg = Release|Any CPU
		{D0BB44B1-A086-4093-8545-F6EC4469F5FF}.Release|Any CPU.Build.0 = Release|Any CPU
	EndGlobalSection
	GlobalSection(SolutionProperties) = preSolution
		HideSolutionNode = FALSE
	EndGlobalSection
	GlobalSection(ExtensibilityGlobals) = postSolution
		SolutionGuid = {141B4E22-E1E8-4C59-8C0E-54AD52D81C76}
	EndGlobalSection
EndGlobal
